
Microsoft Visual Studio Solution File, Format Version 12.00
# Visual Studio Version 17
VisualStudioVersion = 17.5.002.0
MinimumVisualStudioVersion = 10.0.40219.1
Project("{9A19103F-16F7-4668-BE54-9A1E7A4F7556}") = "HendrixSOSResources", "HendrixSOSResources.csproj", "{A4EB77F9-49F7-4857-B9F4-767506D3356A}"
EndProject
Global
	GlobalSection(SolutionConfigurationPlatforms) = preSolution
		Debug|Any CPU = Debug|Any CPU
		Release|Any CPU = Release|Any CPU
	EndGlobalSection
	GlobalSection(ProjectConfigurationPlatforms) = postSolution
		{A4EB77F9-49F7-4857-B9F4-767506D3356A}.Debug|Any CPU.ActiveCfg = Debug|Any CPU
		{A4EB77F9-49F7-4857-B9F4-767506D3356A}.Debug|Any CPU.Build.0 = Debug|Any CPU
		{A4EB77F9-49F7-4857-B9F4-767506D3356A}.Release|Any CPU.ActiveCfg = Release|Any CPU
		{A4EB77F9-49F7-4857-B9F4-767506D3356A}.Release|Any CPU.Build.0 = Release|Any CPU
	EndGlobalSection
	GlobalSection(SolutionProperties) = preSolution
		HideSolutionNode = FALSE
	EndGlobalSection
	GlobalSection(ExtensibilityGlobals) = postSolution
		SolutionGuid = {9A0B5ED9-8F9D-4C4A-B0E6-0B62758636A0}
	EndGlobalSection
EndGlobal
